  <Folder Name="/- Playground and Work in Progress -/">
    <Project Path="src/csharp-apps/Playground/Playground.csproj" Id="cbfc6bab-e8ea-4566-a695-56d84b6e5f68" />
  </Folder>
  <Folder Name="/A2A (Agent2Agent)/">
    <Project Path="src/csharp-apps/Agent2Agent.Client/Agent2Agent.Client.csproj" Id="4a4508d5-732d-4fe2-b0ad-dcf111e98be9" />
    <Project Path="src/csharp-apps/Agent2Agent.Server/Agent2Agent.Server.csproj" Id="b09023f3-c25e-4668-a956-4e60cd2678d1" />
  </Folder>
  <Folder Name="/AG-UI (Agent User Interaction)/" />
  <Folder Name="/AG-UI (Agent User Interaction)/Advanced/">
    <Project Path="src/csharp-apps/AgentUserInteraction.Advanced.BlazorWasmClient/AgentUserInteraction.Advanced.BlazorWasmClient.csproj" Id="8e28142c-91a0-47d6-8986-d1a46365f05b" />
    <Project Path="src/csharp-apps/AgentUserInteraction.Advanced.Server/AgentUserInteraction.Advanced.Server.csproj" Id="72ab5e60-50a7-4f9e-9c5e-ddbe2c564dc7" />
    <Project Path="src/csharp-apps/AgentUserInteraction.Advanced.SharedModels/AgentUserInteraction.Advanced.SharedModels.csproj" Id="bfb4de14-5d56-4211-a9c8-13cab67eca34" />
    <Project Path="src/csharp-apps/AppHost.AG-UI.Advanced/AppHost.AG-UI.Advanced.csproj" Id="4ed36c00-5299-4a52-af1f-ed4ffac452f7" />
  </Folder>
  <Folder Name="/AG-UI (Agent User Interaction)/Basic/">
    <Project Path="src/csharp-apps/AgentUserInteraction.Client/AgentUserInteraction.Client.csproj" Id="ddd3b08d-041a-449f-80dc-6bd66e302958" />
    <Project Path="src/csharp-apps/AgentUserInteraction.Server/AgentUserInteraction.Server.csproj" Id="8e71efad-1080-45a1-b1e9-17c9496ba99c" />
  </Folder>
  <Folder Name="/AgentFrameworkToolkit/">
    <Project Path="src/csharp-apps/AgentFrameworkToolkit.EasierAgents/AgentFrameworkToolkit.EasierAgents.csproj" Id="d0bdcd59-b811-4223-9b83-9b5e266f2dc2" />
    <Project Path="src/csharp-apps/AgentFrameworkToolkit.EasierTools/AgentFrameworkToolkit.EasierTools.csproj" Id="79fbfdda-a4a6-4c73-b8ed-f0ad8d13e3bb" />
    <Project Path="src/csharp-apps/AgentSkills/AgentSkills.csproj" Id="50e51e01-436d-4f24-9650-843054fb60d5" />
    <Project Path="src/csharp-apps/CommonAITools/CommonAITools.csproj" Id="71d5b760-4ca3-4a8f-9535-9baef66d29c7" />
  </Folder>
  <Folder Name="/AIContextProvider/">
    <Project Path="src/csharp-apps/AIContextProvider.AgentSkills/AIContextProvider.AgentSkills.csproj" Id="5c882c83-ff67-47a1-aa37-5d393fe05324" />
    <Project Path="src/csharp-apps/AIContextProviderFactory/AIContextProvider.Memory.csproj" Id="5100b6b0-ce98-4a6a-bdc9-3541771b28f1" />
    <Project Path="src/csharp-apps/AIContextProviders/AIContextProviders.DeepDive.csproj" Id="11ef1ae1-2a32-4e60-830c-ba6bba9db460" />
    <Project Path="src/csharp-apps/ToolCalling.OnTheFlyToolCallInjection/ToolCalling.OnTheFlyToolCallInjection.csproj" Id="6143c203-a20e-4034-a76a-9d3cc82a5075" />
  </Folder>
  <Folder Name="/Audio/">
    <Project Path="src/csharp-apps/GenerateSpeech/GenerateSpeech.csproj" Id="18b4fc86-718e-4525-a284-8b243182db3c" />
    <Project Path="src/csharp-apps/SpeechToText/SpeechToText.csproj" Id="5424a206-fd7a-4957-818b-24a586331971" />
  </Folder>
  <Folder Name="/ChatMessageStoreFactory/">
    <Project Path="src/csharp-apps/ChatMessageStoreFactory.Custom/ChatMessageStoreFactory.Custom.csproj" Id="82c31fc6-4203-4d3f-97d6-c49e3e9a6d53" />
  </Folder>
  <Folder Name="/Conversations (AgentSession)/">
    <Project Path="src/csharp-apps/ChatHistoryReducer/ChatHistoryReducer.csproj" Id="96cb4db1-2675-4f7d-a5d8-960f07b7e0fd" />
    <Project Path="src/csharp-apps/ConversationThreads/ConversationThreads.csproj" Id="0cd8ac44-46cf-4a41-946e-736764a73a06" />
  </Folder>
  <Folder Name="/DevUI/">
    <Project Path="src/csharp-apps/DevUI/DevUI.csproj" />
  </Folder>
  <Folder Name="/DurableAgentFramework (Azure Functions)/">
    <Project Path="src/csharp-apps/FunctionApp.HelloAI/FunctionApp.HelloAI.csproj" Id="967397ed-0e3d-4a50-ac57-076a6b077b7f" />
  </Folder>
  <Folder Name="/Image Generation (Not using Agent Framework)/">
    <File Path="Anthropic-Claude.txt" />
    <Project Path="src/csharp-apps/ImageGeneration.GoogleGemini/ImageGeneration.GoogleGemini.csproj" Id="f83c1270-a47d-462b-92c2-af748589af38" />
    <Project Path="src/csharp-apps/ImageGeneration.XAiGrok/ImageGeneration.XAiGrok.csproj" Id="c03ed37b-f16b-450f-a0cf-bdc4ebfb77f0" />
    <Project Path="src/csharp-apps/ImageGeneration/ImageGeneration.OpenAi.csproj" Id="89214eeb-354b-4726-a3c1-39766ef219e7" />
  </Folder>
  <Folder Name="/Input (PDF &amp; Image)/">
    <Project Path="src/csharp-apps/AgentInputData/AgentInputData.csproj" Id="56751bff-8f82-4754-9d16-6f46b0b82fe1" />
  </Folder>
  <Folder Name="/Microsoft Foundry (AI Foundry)/">
    <Project Path="src/csharp-apps/MicrosofFoundry.Agents.Basic/MicrosofFoundry.Agents.Basic.csproj" Id="05b4bf60-39b8-47ad-895f-d32de63038ff" />
  </Folder>
  <Folder Name="/Microsoft Foundry (AI Foundry)/Classic Agents (Legacy AI Foundry, do not use anymore)/">
    <Project Path="src/csharp-apps/AzureAiFoundry.Administration/AzureAiFoundry.Administration.csproj" Id="968b00b8-e6a9-4891-95d9-adc89a34ae2a" />
    <Project Path="src/csharp-apps/AzureAiFoundry.CodeInterpreter/AzureAiFoundry.CodeInterpreter.csproj" Id="4b99038e-d260-4ddf-b411-8f5564a399f1" />
    <Project Path="src/csharp-apps/AzureAiFoundry.FileSearchTool/AzureAiFoundry.FileSearchTool.csproj" Id="c78815a1-4fe2-44d1-8de5-25cd4af2d56d" />
    <Project Path="src/csharp-apps/AzureAiFoundry.Models/AzureAiFoundry.Models.csproj" Id="e3e015ec-1504-4b3c-9af8-c3a7028d3931" />
    <Project Path="src/csharp-apps/AzureAiFoundry.NewNovember2025NuGet/AzureAiFoundry.NewNovember2025NuGet.csproj" Id="1756c13a-a00a-4ca0-81a9-e1cfe15c578e" />
    <Project Path="src/csharp-apps/AzureAiFoundry.WebSearch/AzureAiFoundry.WebSearch.csproj" Id="70bb89f4-0795-4b8e-ad3f-858f035901b3" />
  </Folder>
  <Folder Name="/Multi Agent Scenarios/">
    <Project Path="src/csharp-apps/MultiAgent.AgentAsTool/MultiAgent.AgentAsTool.csproj" Id="41434d93-72ba-43d0-b7b0-117e3c6eb7bb" />
    <Project Path="src/csharp-apps/MultiAgent.ManualViaStructuredOutput/MultiAgent.ManualViaStructuredOutput.csproj" Id="84bbb296-1bd5-4e35-86dd-bf12dce7b418" />
  </Folder>
  <Folder Name="/OpenAi ResponesApi/">
    <File Path="ResponsesAPIFeatureMatrixSupport.png" />
    <Project Path="src/csharp-apps/AllowBackgroundResponses/AllowBackgroundResponses.csproj" Id="816a1755-2efb-42d2-af96-408282ee50ea" />
    <Project Path="src/csharp-apps/OpenAIResponsesApi.CodeInterpreter/OpenAIResponsesApi.CodeInterpreter.csproj" Id="1d0ae3d5-3cb0-439c-acf2-311d15621421" />
    <Project Path="src/csharp-apps/OpenAIResponsesApi.FileSearchTool/OpenAIResponsesApi.FileSearchTool.csproj" Id="959e5bb4-a8d6-4530-a893-b2430c51b921" />
    <Project Path="src/csharp-apps/OpenAIResponsesApi.ReasoningSummary/OpenAIResponsesApi.ReasoningSummary.csproj" Id="aa7c1934-b057-43d6-ba0a-92375c4e47f4" />
    <Project Path="src/csharp-apps/OpenAIResponsesApi.ResumeConversation/OpenAIResponsesApi.ResumeConversation.csproj" Id="109fe4ed-2aaf-4373-b93b-b5a72fedc742" />
    <Project Path="src/csharp-apps/OpenAIResponsesApi.SpecialModels/OpenAIResponsesApi.SpecialModels.csproj" Id="34ae1899-0fb6-41ca-85e4-e13d85196263" />
    <Project Path="src/csharp-apps/OpenAIResponsesApi.WebSearch/OpenAIResponsesApi.WebSearch.csproj" Id="9dc49e05-421b-4e1d-9384-579ddefd2763" />
  </Folder>
  <Folder Name="/Other Topics/">
    <Project Path="src/csharp-apps/AIAsDataFilter/AIAsDataFilter.csproj" Id="28c6ce71-c6d3-4575-9580-0c2a952e965c" />
    <Project Path="src/csharp-apps/BatchJobs/BatchJobs.csproj" Id="ae196eba-d297-4dc3-95ce-c30015965ebb" />
    <Project Path="src/csharp-apps/DependencyInjection/DependencyInjection.csproj" />
    <Project Path="src/csharp-apps/LifeOfAnLLMCall/LifeOfAnLLMCall.csproj" Id="9f72e70c-6171-4a9c-87f3-f888518c4a43" />
    <Project Path="src/csharp-apps/NewOfficialGoogleNuget/NewOfficialGoogleNuget.csproj" />
    <Project Path="src/csharp-apps/SettingsOnAiAgent/SettingsOnAiAgent.csproj" Id="86d8fd4d-bf34-488d-8f30-94e9b808419a" />
    <Project Path="src/csharp-apps/TheDifferentAgents/TheDifferentAgents.csproj" Id="443e0db8-204b-403d-8145-7133496bf9c8" />
    <Project Path="src/csharp-apps/WhyIDontUseWorkflows/WhyIDontUseWorkflows.csproj" Id="caac6d90-94bb-43e0-bd61-9b09f7a8bfbf" />
  </Folder>
  <Folder Name="/RAG/">
    <Project Path="src/csharp-apps/AdvancedRAGTechniques/AdvancedRAGTechniques.csproj" Id="222d4527-f7ca-4e02-a3ef-2f65d7f5014a" />
    <Project Path="src/csharp-apps/UsingRAGInAgentFramework/UsingRAGInAgentFramework.csproj" Id="11bf0b5c-8a06-4a3f-b70c-148730d2db08" />
  </Folder>
  <Folder Name="/Semantic Kernel to Agent Framework Migration/">
    <Project Path="src/csharp-apps/SemanticKernelToAgentFrameworkMigration.Before/SemanticKernelToAgentFrameworkMigration.Before.csproj" Id="ddde0d2a-eebc-4208-ad1f-d9029cbbb355" />
    <Project Path="src/csharp-apps/SemanticKernelToAgentFrameworkMigration.Finished/SemanticKernelToAgentFrameworkMigration.Finished.csproj" />
  </Folder>
  <Folder Name="/Solution Items/">
    <File Path="Directory.Packages.props" />
  </Folder>
  <Folder Name="/Structured Output/">
    <Project Path="src/csharp-apps/StructuredOutput/StructuredOutput.csproj" />
  </Folder>
  <Folder Name="/Structured Output/Pre-RC/">
    <Project Path="src/csharp-apps/StructuredOutput.Pre-RC/StructuredOutput.Pre-RC.csproj" />
  </Folder>
  <Folder Name="/Telemetry &amp; Observability/">
    <Project Path="src/csharp-apps/Telemetry/Telemetry.csproj" Id="5fd6ed24-957b-4541-9be2-e2e23c6f606a" />
    <Project Path="src/csharp-apps/WatchRawRequestAndResponse/WatchRawRequestAndResponse.csproj" Id="bbfd2a79-7962-499a-8428-4fdcee484295" />
  </Folder>
  <Folder Name="/Telemetry &amp; Observability/Aspire (Observability)/">
    <Project Path="src/csharp-apps/AspireBlazorDemo/AspireBlazorDemo.csproj" />
    <Project Path="src/csharp-apps/Samples.AppHost/Samples.AppHost.csproj" Id="42cace91-95d9-45d2-ba66-5e73a5ab6771" />
    <Project Path="src/csharp-apps/Samples.ServiceDefaults/Samples.ServiceDefaults.csproj" />
  </Folder>
  <Folder Name="/The Trello Experiment/">
    <Project Path="src/csharp-apps/The Trello Experiment/The Trello Experiment.csproj" Id="d4d8961f-a27b-4a37-bcff-bf5675d36c4d" />
  </Folder>
  <Folder Name="/Thinking &amp; Reasoning Settings/">
    <Project Path="src/csharp-apps/ReasoningEffort.Anthropic/ReasoningEffort.Anthropic.csproj" Id="310efaa3-9397-49cc-9a78-a05a917bd0c2" />
    <Project Path="src/csharp-apps/ReasoningEffort.Google/ReasoningEffort.Google.csproj" Id="31032388-d86a-47a2-8d9d-bb7d5aaf5d0a" />
    <Project Path="src/csharp-apps/ReasoningEffort/ReasoningEffort.OpenAI.csproj" Id="caba07b0-4551-4b07-b2b6-d895836bda18" />
  </Folder>
  <Folder Name="/Token Usage/">
    <Project Path="src/csharp-apps/TokenUsage/TokenUsage.csproj" Id="e3accc36-005a-4900-be4e-0d1d35142a2a" />
    <Project Path="src/csharp-apps/UseToonToSaveTokens/UseToonToSaveTokens.csproj" Id="a84ca59e-b13d-4c0f-aaed-ff183d09d198" />
  </Folder>
  <Folder Name="/Tool Calling &amp; MCP/">
    <Project Path="src/csharp-apps/ExposeYourAgentsAsMcp/ExposeYourAgentsAsRemoteMcp.csproj" Id="9129a0a9-8819-411a-8591-6c1cdeb3d2d4" />
    <Project Path="src/csharp-apps/ToolCalling.Advanced/ToolCalling.Advanced.csproj" Id="c8428d24-c838-4a61-ab71-ecffcde4b8d9" />
    <Project Path="src/csharp-apps/ToolCalling.Basics/ToolCalling.Basics.csproj" Id="0157ef69-5a6c-4470-9a9d-43bca4ea9649" />
    <Project Path="src/csharp-apps/Toolcalling.FromAnMcpServer/Toolcalling.FromAnMcpServer.csproj" Id="427477f9-a17e-4284-a66f-fea0f9411701" />
    <Project Path="src/csharp-apps/ToolCalling.ServiceInjection/ToolCalling.ServiceInjection.csproj" Id="57fb73e9-36e2-4164-991a-594c0aa48918" />
  </Folder>
  <Folder Name="/Workflows/">
    <Project Path="src/csharp-apps/Workflow.AiAssisted.PizzaSample/Workflow.AiAssisted.PizzaSample.csproj" Id="ebb01b83-7e68-44be-a89a-4574848c00fa" />
    <Project Path="src/csharp-apps/Workflow.HumanInTheLoop/Workflow.HumanInTheLoop.csproj" Id="2e1ded61-ded9-4803-8cd2-0196030bd3a0" />
  </Folder>
  <Folder Name="/Workflows/Agentic Workflows/">
    <Project Path="src/csharp-apps/Workflow.Concurrent/Workflow.Concurrent.csproj" Id="b22a0c06-ddd2-4615-9335-84dfbecfd961" />
    <Project Path="src/csharp-apps/Workflow.Handoff/Workflow.Handoff.csproj" Id="b19de8e1-2119-403c-8f12-8a61c5b77e33" />
    <Project Path="src/csharp-apps/Workflow.Sequential/Workflow.Sequential.csproj" Id="1bcdb486-2870-4739-8a35-d01c80b167e9" />
  </Folder>
  <Folder Name="/ZeroToFirstAgent/" />
  <Folder Name="/ZeroToFirstAgent/Non-OpenAI Based/">
    <Project Path="src/csharp-apps/ZeroToFirstAgent.AnthropicClaude/ZeroToFirstAgent.AnthropicClaude.csproj" Id="9c1d090f-f91a-44df-90e4-e4f1e6ae546a" />
    <Project Path="src/csharp-apps/ZeroToFirstAgent.AwsBedrock/ZeroToFirstAgent.AwsBedrock.csproj" Id="8922f978-7277-4ac1-9ef4-2c5de3939da3" />
    <Project Path="src/csharp-apps/ZeroToFirstAgent.GitHubModels/ZeroToFirstAgent.GitHubModels.csproj" Id="7b3f5942-8fc7-4f7b-94b3-fd21f32ebb44" />
    <Project Path="src/csharp-apps/ZeroToFirstAgent.GoogleGemini/ZeroToFirstAgent.GoogleGemini.csproj" Id="eb32963b-fc60-4285-8d93-df88ed73e247" />
    <Project Path="src/csharp-apps/ZeroToFirstAgent.Mistral/ZeroToFirstAgent.Mistral.csproj" Id="bd8b351f-7e5b-47b8-9c89-4d472ad49dd5" />
  </Folder>
  <Folder Name="/ZeroToFirstAgent/Non-OpenAI Based/Offline/">
    <Project Path="src/csharp-apps/Onnx/Onnx.csproj" Id="5c212820-cea3-4cc6-8aae-d7418b304a11" />
    <Project Path="src/csharp-apps/ZeroToFirstAgent.Olaama/ZeroToFirstAgent.Olaama.csproj" Id="fbb6b3d1-1aed-4fec-9632-a99def054b8e" />
  </Folder>
  <Folder Name="/ZeroToFirstAgent/OpenAI Based/">
    <Project Path="src/csharp-apps/ZeroToFirstAgent.AzureAiFoundry/ZeroToFirstAgent.AzureAiFoundry.csproj" Id="b0b3dda9-e6f6-4fbd-baf0-c2148dbf91a0" />
    <Project Path="src/csharp-apps/ZeroToFirstAgent.AzureOpenAi/ZeroToFirstAgent.AzureOpenAi.csproj" Id="a1a05c9d-690d-4055-b666-8546e7d876a8" />
    <Project Path="src/csharp-apps/ZeroToFirstAgent.Groq/ZeroToFirstAgent.Groq.csproj" Id="f82ad151-3222-4967-985a-a19d0e83c592" />
    <Project Path="src/csharp-apps/ZeroToFirstAgent.HuggingFace/ZeroToFirstAgent.HuggingFace.csproj" Id="0fb97834-4dc6-4742-92d7-f7a362ccdca0" />
    <Project Path="src/csharp-apps/ZeroToFirstAgent.OpenAi/ZeroToFirstAgent.OpenAi.csproj" Id="c2901cc3-40cc-4ef7-a3a2-b082e855ea6a" />
    <Project Path="src/csharp-apps/ZeroToFirstAgent.OpenRouter/ZeroToFirstAgent.OpenRouter.csproj" Id="71ba75bf-7aef-4168-b31e-c2ccdbfbb8ed" />
    <Project Path="src/csharp-apps/ZeroToFirstAgent.XAIGrok/ZeroToFirstAgent.XAIGrok.csproj" Id="d55d6ced-850d-4fb7-b729-a953ca1b70b0" />
  </Folder>
  <Folder Name="/ZeroToFirstAgent/OpenAI Based/Offline/">
    <Project Path="src/csharp-apps/ZeroToFirstAgent.FoundryLocal/ZeroToFirstAgent.FoundryLocal.csproj" Id="420ee7f5-fa0f-4303-a68c-630ede8086e4" />
  </Folder>
  <Project Path="src/csharp-apps/Shared/Shared.csproj" />
